
Microsoft Visual Studio Solution File, Format Version 12.00
# Visual Studio 15
VisualStudioVersion = 15.0.26730.12
MinimumVisualStudioVersion = 10.0.40219.1
Project("{FAE04EC0-301F-11D3-BF4B-00C04F79EFBC}") = "GettingStartedApp001.Android", "GettingStartedApp001\GettingStartedApp001.Android\GettingStartedApp001.Android.csproj", "{9B5EBF9D-4CD0-4D90-8B95-8A4E6D4C5905}"
EndProject
Project("{FAE04EC0-301F-11D3-BF4B-00C04F79EFBC}") = "GettingStartedApp001", "GettingStartedApp001\GettingStartedApp001\GettingStartedApp001.csproj", "{A4AAD61E-4761-4A59-8E7D-C850372D1416}"
EndProject
Global
	GlobalSection(SolutionConfigurationPlatforms) = preSolution
		Ad-Hoc|Any CPU = Ad-Hoc|Any CPU
		Ad-Hoc|iPhone = Ad-Hoc|iPhone
		Ad-Hoc|iPhoneSimulator = Ad-Hoc|iPhoneSimulator
		AppStore|Any CPU = AppStore|Any CPU
		AppStore|iPhone = AppStore|iPhone
		AppStore|iPhoneSimulator = AppStore|iPhoneSimulator
		Debug|Any CPU = Debug|Any CPU
		Debug|iPhone = Debug|iPhone
		Debug|iPhoneSimulator = Debug|iPhoneSimulator
		Release|Any CPU = Release|Any CPU
		Release|iPhone = Release|iPhone
		Release|iPhoneSimulator = Release|iPhoneSimulator
	EndGlobalSection
	GlobalSection(ProjectConfigurationPlatforms) = postSolution
		{9B5EBF9D-4CD0-4D90-8B95-8A4E6D4C5905}.Ad-Hoc|Any CPU.ActiveCfg = Release|Any CPU
		{9B5EBF9D-4CD0-4D90-8B95-8A4E6D4C5905}.Ad-Hoc|Any CPU.Build.0 = Release|Any CPU
		{9B5EBF9D-4CD0-4D90-8B95-8A4E6D4C5905}.Ad-Hoc|Any CPU.Deploy.0 = Release|Any CPU
		{9B5EBF9D-4CD0-4D90-8B95-8A4E6D4C5905}.Ad-Hoc|iPhone.ActiveCfg = Release|Any CPU
		{9B5EBF9D-4CD0-4D90-8B95-8A4E6D4C5905}.Ad-Hoc|iPhone.Build.0 = Release|Any CPU
		{9B5EBF9D-4CD0-4D90-8B95-8A4E6D4C5905}.Ad-Hoc|iPhone.Deploy.0 = Release|Any CPU
		{9B5EBF9D-4CD0-4D90-8B95-8A4E6D4C5905}.Ad-Hoc|iPhoneSimulator.ActiveCfg = Release|Any CPU
		{9B5EBF9D-4CD0-4D90-8B95-8A4E6D4C5905}.Ad-Hoc|iPhoneSimulator.Build.0 = Release|Any CPU
		{9B5EBF9D-4CD0-4D90-8B95-8A4E6D4C5905}.Ad-Hoc|iPhoneSimulator.Deploy.0 = Release|Any CPU
		{9B5EBF9D-4CD0-4D90-8B95-8A4E6D4C5905}.AppStore|Any CPU.ActiveCfg = Release|Any CPU
		{9B5EBF9D-4CD0-4D90-8B95-8A4E6D4C5905}.AppStore|Any CPU.Build.0 = Release|Any CPU
		{9B5EBF9D-4CD0-4D90-8B95-8A4E6D4C5905}.AppStore|Any CPU.Deploy.0 = Release|Any CPU
		{9B5EBF9D-4CD0-4D90-8B95-8A4E6D4C5905}.AppStore|iPhone.ActiveCfg = Release|Any CPU
		{9B5EBF9D-4CD0-4D90-8B95-8A4E6D4C5905}.AppStore|iPhone.Build.0 = Release|Any CPU
		{9B5EBF9D-4CD0-4D90-8B95-8A4E6D4C5905}.AppStore|iPhone.Deploy.0 = Release|Any CPU
		{9B5EBF9D-4CD0-4D90-8B95-8A4E6D4C5905}.AppStore|iPhoneSimulator.ActiveCfg = Release|Any CPU
		{9B5EBF9D-4CD0-4D90-8B95-8A4E6D4C5905}.AppStore|iPhoneSimulator.Build.0 = Release|Any CPU
		{9B5EBF9D-4CD0-4D90-8B95-8A4E6D4C5905}.AppStore|iPhoneSimulator.Deploy.0 = Release|Any CPU
		{9B5EBF9D-4CD0-4D90-8B95-8A4E6D4C5905}.Debug|Any CPU.ActiveCfg = Debug|Any CPU
		{9B5EBF9D-4CD0-4D90-8B95-8A4E6D4C5905}.Debug|Any CPU.Build.0 = Debug|Any CPU
		{9B5EBF9D-4CD0-4D90-8B95-8A4E6D4C5905}.Debug|Any CPU.Deploy.0 = Debug|Any CPU
		{9B5EBF9D-4CD0-4D90-8B95-8A4E6D4C5905}.Debug|iPhone.ActiveCfg = Debug|Any CPU
		{9B5EBF9D-4CD0-4D90-8B95-8A4E6D4C5905}.Debug|iPhone.Build.0 = Debug|Any CPU
		{9B5EBF9D-4CD0-4D90-8B95-8A4E6D4C5905}.Debug|iPhone.Deploy.0 = Debug|Any CPU
		{9B5EBF9D-4CD0-4D90-8B95-8A4E6D4C5905}.Debug|iPhoneSimulator.ActiveCfg = Debug|Any CPU
		{9B5EBF9D-4CD0-4D90-8B95-8A4E6D4C5905}.Debug|iPhoneSimulator.Build.0 = Debug|Any CPU
		{9B5EBF9D-4CD0-4D90-8B95-8A4E6D4C5905}.Debug|iPhoneSimulator.Deploy.0 = Debug|Any CPU
		{9B5EBF9D-4CD0-4D90-8B95-8A4E6D4C5905}.Release|Any CPU.ActiveCfg = Release|Any CPU
		{9B5EBF9D-4CD0-4D90-8B95-8A4E6D4C5905}.Release|Any CPU.Build.0 = Release|Any CPU
		{9B5EBF9D-4CD0-4D90-8B95-8A4E6D4C5905}.Release|Any CPU.Deploy.0 = Release|Any CPU
		{9B5EBF9D-4CD0-4D90-8B95-8A4E6D4C5905}.Release|iPhone.ActiveCfg = Release|Any CPU
		{9B5EBF9D-4CD0-4D90-8B95-8A4E6D4C5905}.Release|iPhone.Build.0 = Release|Any CPU
		{9B5EBF9D-4CD0-4D90-8B95-8A4E6D4C5905}.Release|iPhone.Deploy.0 = Release|Any CPU
		{9B5EBF9D-4CD0-4D90-8B95-8A4E6D4C5905}.Release|iPhoneSimulator.ActiveCfg = Release|Any CPU
		{9B5EBF9D-4CD0-4D90-8B95-8A4E6D4C5905}.Release|iPhoneSimulator.Build.0 = Release|Any CPU
		{9B5EBF9D-4CD0-4D90-8B95-8A4E6D4C5905}.Release|iPhoneSimulator.Deploy.0 = Release|Any CPU
		{A4AAD61E-4761-4A59-8E7D-C850372D1416}.Ad-Hoc|Any CPU.ActiveCfg = Release|Any CPU
		{A4AAD61E-4761-4A59-8E7D-C850372D1416}.Ad-Hoc|Any CPU.Build.0 = Release|Any CPU
		{A4AAD61E-4761-4A59-8E7D-C850372D1416}.Ad-Hoc|iPhone.ActiveCfg = Release|Any CPU
		{A4AAD61E-4761-4A59-8E7D-C850372D1416}.Ad-Hoc|iPhone.Build.0 = Release|Any CPU
		{A4AAD61E-4761-4A59-8E7D-C850372D1416}.Ad-Hoc|iPhoneSimulator.ActiveCfg = Release|Any CPU
		{A4AAD61E-4761-4A59-8E7D-C850372D1416}.Ad-Hoc|iPhoneSimulator.Build.0 = Release|Any CPU
		{A4AAD61E-4761-4A59-8E7D-C850372D1416}.AppStore|Any CPU.ActiveCfg = Release|Any CPU
		{A4AAD61E-4761-4A59-8E7D-C850372D1416}.AppStore|Any CPU.Build.0 = Release|Any CPU
		{A4AAD61E-4761-4A59-8E7D-C850372D1416}.AppStore|iPhone.ActiveCfg = Release|Any CPU
		{A4AAD61E-4761-4A59-8E7D-C850372D1416}.AppStore|iPhone.Build.0 = Release|Any CPU
		{A4AAD61E-4761-4A59-8E7D-C850372D1416}.AppStore|iPhoneSimulator.ActiveCfg = Release|Any CPU
		{A4AAD61E-4761-4A59-8E7D-C850372D1416}.AppStore|iPhoneSimulator.Build.0 = Release|Any CPU
		{A4AAD61E-4761-4A59-8E7D-C850372D1416}.Debug|Any CPU.ActiveCfg = Debug|Any CPU
		{A4AAD61E-4761-4A59-8E7D-C850372D1416}.Debug|Any CPU.Build.0 = Debug|Any CPU
		{A4AAD61E-4761-4A59-8E7D-C850372D1416}.Debug|iPhone.ActiveCfg = Debug|Any CPU
		{A4AAD61E-4761-4A59-8E7D-C850372D1416}.Debug|iPhone.Build.0 = Debug|Any CPU
		{A4AAD61E-4761-4A59-8E7D-C850372D1416}.Debug|iPhoneSimulator.ActiveCfg = Debug|Any CPU
		{A4AAD61E-4761-4A59-8E7D-C850372D1416}.Debug|iPhoneSimulator.Build.0 = Debug|Any CPU
		{A4AAD61E-4761-4A59-8E7D-C850372D1416}.Release|Any CPU.ActiveCfg = Release|Any CPU
		{A4AAD61E-4761-4A59-8E7D-C850372D1416}.Release|Any CPU.Build.0 = Release|Any CPU
		{A4AAD61E-4761-4A59-8E7D-C850372D1416}.Release|iPhone.ActiveCfg = Release|Any CPU
		{A4AAD61E-4761-4A59-8E7D-C850372D1416}.Release|iPhone.Build.0 = Release|Any CPU
		{A4AAD61E-4761-4A59-8E7D-C850372D1416}.Release|iPhoneSimulator.ActiveCfg = Release|Any CPU
		{A4AAD61E-4761-4A59-8E7D-C850372D1416}.Release|iPhoneSimulator.Build.0 = Release|Any CPU
	EndGlobalSection
	GlobalSection(SolutionProperties) = preSolution
		HideSolutionNode = FALSE
	EndGlobalSection
	GlobalSection(ExtensibilityGlobals) = postSolution
		SolutionGuid = {E367F32F-91A4-4255-B630-58B27573CA86}
	EndGlobalSection
EndGlobal
